{
  "version": "4",
  "redirects": {
    "https://esm.sh/v135/@types/chai@~5.2/index.d.ts": "https://esm.sh/v135/@types/chai@5.2.1/index.d.ts",
    "https://esm.sh/v135/@types/sinon@latest/index.d.ts": "https://esm.sh/v135/@types/sinon@17.0.4/index.d.ts"
  },
  "remote": {
    "https://deno.land/std@0.206.0/testing/_test_suite.ts": "30f018feeb3835f12ab198d8a518f9089b1bcb2e8c838a8b615ab10d5005465c",
    "https://deno.land/std@0.206.0/testing/bdd.ts": "3f446df5ef8e856a869e8eec54c8482590415741ff0b6358a00c43486cc15769",
    "https://esm.sh/v135/buffer@6.0.3/es2022/buffer.bundle.mjs": "38fb6c4551f7a5197c6959bdecdda848945d6faed5119b3c3d354868efea8936",
    "https://esm.sh/v135/chai@5.2.0": "dbf0f633cd377fc2c9d4a774f1ef6e0dc42e2c1440a1c497bebaccaf6085a53c",
    "https://esm.sh/v135/chai@5.2.0/es2022/chai.mjs": "4b4feea1c646f6a3fd90fa64664832722b23f392be5c1ccb938708b4acd843ba",
    "https://esm.sh/v135/node_events.js": "b1b65598db01a0621f65bf86948381344943c6b53828c470be4caa678d5fcfd5",
    "https://esm.sh/v135/node_process.js": "13a1bd2438678b509dd68a0006c11c50c77451c9bcdeaa25c6602236ffce247c",
    "https://esm.sh/v135/sinon@20.0.0": "2d337642ebe173f8e459152fbfda165c26f9c57fa205dc013882e808a2231a3b",
    "https://esm.sh/v135/sinon@20.0.0/es2022/sinon.mjs": "2194fbd7e98f8177e6b46a47619299e2b6958c5f01e16d231ee8c56ad6df276b"
  }
}
