{
  "version": "3",
  "packages": {
    "specifiers": {
      "npm:@types/node": "npm:@types/node@18.16.19"
    },
    "npm": {
      "@types/node@18.16.19": {
        "integrity": "sha512-IXl7o+R9iti9eBW4Wg2hx1xQDig183jj7YLn8F7udNceyfkbn1ZxmzZXuak20gR40D7pIkIY1kYGx5VIGbaHKA==",
        "dependencies": {}
      }
    }
  },
  "redirects": {
    "https://esm.sh/v135/@types/chai@latest/index.d.ts": "https://esm.sh/v135/@types/chai@4.3.11/index.d.ts"
  },
  "remote": {
    "https://cdn.skypack.dev/-/sinon@v13.0.2-XNWaDSX3H8C298B97460/dist=es2019,mode=imports/optimized/sinon.js": "dbd19e534593fa14b30d461b3c6bc4553666cf5fecd0fcc87ce494b75b4bf1eb",
    "https://cdn.skypack.dev/sinon@13.0.2?dts": "a7b717f9f350b7730d7c85205e79297d659a948d53f6092ef1f27b21a4ec497a",
    "https://deno.land/std@0.206.0/testing/_test_suite.ts": "30f018feeb3835f12ab198d8a518f9089b1bcb2e8c838a8b615ab10d5005465c",
    "https://deno.land/std@0.206.0/testing/bdd.ts": "3f446df5ef8e856a869e8eec54c8482590415741ff0b6358a00c43486cc15769",
    "https://esm.sh/v135/chai@5.0.0": "24afdd96263b9bc883c2d9d89e3d50e8c5484f459f8619bced1d463a097a0980",
    "https://esm.sh/v135/chai@5.0.0/denonext/chai.mjs": "7d1a50e454df297938c332bf37bc9c03b03a1d2695ce70e17fe4b8139448bd1a"
  }
}
